
Microsoft Visual Studio Solution File, Format Version 12.00
# Visual Studio 14
VisualStudioVersion = 14.0.24720.0
MinimumVisualStudioVersion = 10.0.40219.1
Project("{FAE04EC0-301F-11D3-BF4B-00C04F79EFBC}") = "CoderCamp.Droid", "CoderCamp\CoderCamp.Droid\CoderCamp.Droid.csproj", "{8E90AB90-01F9-4103-9679-5140218352CD}"
EndProject
Project("{FAE04EC0-301F-11D3-BF4B-00C04F79EFBC}") = "CoderCamp.iOS", "CoderCamp\CoderCamp.iOS\CoderCamp.iOS.csproj", "{68D227FB-EE48-4889-94A3-C121ED321A71}"
EndProject
Project("{FAE04EC0-301F-11D3-BF4B-00C04F79EFBC}") = "CoderCamp.WinPhone", "CoderCamp\CoderCamp.WinPhone\CoderCamp.WinPhone.csproj", "{DEC49315-0DF8-4947-8419-FA931EF00A02}"
EndProject
Project("{FAE04EC0-301F-11D3-BF4B-00C04F79EFBC}") = "CoderCamp.UWP", "CoderCamp\CoderCamp.UWP\CoderCamp.UWP.csproj", "{85598059-5CE0-45D7-8DFF-35D653350259}"
EndProject
Project("{FAE04EC0-301F-11D3-BF4B-00C04F79EFBC}") = "CoderCamp.Windows", "CoderCamp\CoderCamp.Windows\CoderCamp.Windows.csproj", "{DED6FA99-A119-4CA4-B352-0DEE71A6CEA3}"
EndProject
Project("{FAE04EC0-301F-11D3-BF4B-00C04F79EFBC}") = "CoderCamp", "CoderCamp\CoderCamp\CoderCamp.csproj", "{65D476C8-F1A3-44F9-B568-BD3EFF9CAB88}"
EndProject
Global
	GlobalSection(SolutionConfigurationPlatforms) = preSolution
		Ad-Hoc|Any CPU = Ad-Hoc|Any CPU
		Ad-Hoc|ARM = Ad-Hoc|ARM
		Ad-Hoc|iPhone = Ad-Hoc|iPhone
		Ad-Hoc|iPhoneSimulator = Ad-Hoc|iPhoneSimulator
		Ad-Hoc|x64 = Ad-Hoc|x64
		Ad-Hoc|x86 = Ad-Hoc|x86
		AppStore|Any CPU = AppStore|Any CPU
		AppStore|ARM = AppStore|ARM
		AppStore|iPhone = AppStore|iPhone
		AppStore|iPhoneSimulator = AppStore|iPhoneSimulator
		AppStore|x64 = AppStore|x64
		AppStore|x86 = AppStore|x86
		Debug|Any CPU = Debug|Any CPU
		Debug|ARM = Debug|ARM
		Debug|iPhone = Debug|iPhone
		Debug|iPhoneSimulator = Debug|iPhoneSimulator
		Debug|x64 = Debug|x64
		Debug|x86 = Debug|x86
		Release|Any CPU = Release|Any CPU
		Release|ARM = Release|ARM
		Release|iPhone = Release|iPhone
		Release|iPhoneSimulator = Release|iPhoneSimulator
		Release|x64 = Release|x64
		Release|x86 = Release|x86
	EndGlobalSection
	GlobalSection(ProjectConfigurationPlatforms) = postSolution
		{8E90AB90-01F9-4103-9679-5140218352CD}.Ad-Hoc|Any CPU.ActiveCfg = Release|Any CPU
		{8E90AB90-01F9-4103-9679-5140218352CD}.Ad-Hoc|Any CPU.Build.0 = Release|Any CPU
		{8E90AB90-01F9-4103-9679-5140218352CD}.Ad-Hoc|Any CPU.Deploy.0 = Release|Any CPU
		{8E90AB90-01F9-4103-9679-5140218352CD}.Ad-Hoc|ARM.ActiveCfg = Release|Any CPU
		{8E90AB90-01F9-4103-9679-5140218352CD}.Ad-Hoc|ARM.Build.0 = Release|Any CPU
		{8E90AB90-01F9-4103-9679-5140218352CD}.Ad-Hoc|ARM.Deploy.0 = Release|Any CPU
		{8E90AB90-01F9-4103-9679-5140218352CD}.Ad-Hoc|iPhone.ActiveCfg = Release|Any CPU
		{8E90AB90-01F9-4103-9679-5140218352CD}.Ad-Hoc|iPhone.Build.0 = Release|Any CPU
		{8E90AB90-01F9-4103-9679-5140218352CD}.Ad-Hoc|iPhone.Deploy.0 = Release|Any CPU
		{8E90AB90-01F9-4103-9679-5140218352CD}.Ad-Hoc|iPhoneSimulator.ActiveCfg = Release|Any CPU
		{8E90AB90-01F9-4103-9679-5140218352CD}.Ad-Hoc|iPhoneSimulator.Build.0 = Release|Any CPU
		{8E90AB90-01F9-4103-9679-5140218352CD}.Ad-Hoc|iPhoneSimulator.Deploy.0 = Release|Any CPU
		{8E90AB90-01F9-4103-9679-5140218352CD}.Ad-Hoc|x64.ActiveCfg = Release|Any CPU
		{8E90AB90-01F9-4103-9679-5140218352CD}.Ad-Hoc|x64.Build.0 = Release|Any CPU
		{8E90AB90-01F9-4103-9679-5140218352CD}.Ad-Hoc|x64.Deploy.0 = Release|Any CPU
		{8E90AB90-01F9-4103-9679-5140218352CD}.Ad-Hoc|x86.ActiveCfg = Release|Any CPU
		{8E90AB90-01F9-4103-9679-5140218352CD}.Ad-Hoc|x86.Build.0 = Release|Any CPU
		{8E90AB90-01F9-4103-9679-5140218352CD}.Ad-Hoc|x86.Deploy.0 = Release|Any CPU
		{8E90AB90-01F9-4103-9679-5140218352CD}.AppStore|Any CPU.ActiveCfg = Release|Any CPU
		{8E90AB90-01F9-4103-9679-5140218352CD}.AppStore|Any CPU.Build.0 = Release|Any CPU
		{8E90AB90-01F9-4103-9679-5140218352CD}.AppStore|Any CPU.Deploy.0 = Release|Any CPU
		{8E90AB90-01F9-4103-9679-5140218352CD}.AppStore|ARM.ActiveCfg = Release|Any CPU
		{8E90AB90-01F9-4103-9679-5140218352CD}.AppStore|ARM.Build.0 = Release|Any CPU
		{8E90AB90-01F9-4103-9679-5140218352CD}.AppStore|ARM.Deploy.0 = Release|Any CPU
		{8E90AB90-01F9-4103-9679-5140218352CD}.AppStore|iPhone.ActiveCfg = Release|Any CPU
		{8E90AB90-01F9-4103-9679-5140218352CD}.AppStore|iPhone.Build.0 = Release|Any CPU
		{8E90AB90-01F9-4103-9679-5140218352CD}.AppStore|iPhone.Deploy.0 = Release|Any CPU
		{8E90AB90-01F9-4103-9679-5140218352CD}.AppStore|iPhoneSimulator.ActiveCfg = Release|Any CPU
		{8E90AB90-01F9-4103-9679-5140218352CD}.AppStore|iPhoneSimulator.Build.0 = Release|Any CPU
		{8E90AB90-01F9-4103-9679-5140218352CD}.AppStore|iPhoneSimulator.Deploy.0 = Release|Any CPU
		{8E90AB90-01F9-4103-9679-5140218352CD}.AppStore|x64.ActiveCfg = Release|Any CPU
		{8E90AB90-01F9-4103-9679-5140218352CD}.AppStore|x64.Build.0 = Release|Any CPU
		{8E90AB90-01F9-4103-9679-5140218352CD}.AppStore|x64.Deploy.0 = Release|Any CPU
		{8E90AB90-01F9-4103-9679-5140218352CD}.AppStore|x86.ActiveCfg = Release|Any CPU
		{8E90AB90-01F9-4103-9679-5140218352CD}.AppStore|x86.Build.0 = Release|Any CPU
		{8E90AB90-01F9-4103-9679-5140218352CD}.AppStore|x86.Deploy.0 = Release|Any CPU
		{8E90AB90-01F9-4103-9679-5140218352CD}.Debug|Any CPU.ActiveCfg = Debug|Any CPU
		{8E90AB90-01F9-4103-9679-5140218352CD}.Debug|Any CPU.Build.0 = Debug|Any CPU
		{8E90AB90-01F9-4103-9679-5140218352CD}.Debug|Any CPU.Deploy.0 = Debug|Any CPU
		{8E90AB90-01F9-4103-9679-5140218352CD}.Debug|ARM.ActiveCfg = Debug|Any CPU
		{8E90AB90-01F9-4103-9679-5140218352CD}.Debug|ARM.Build.0 = Debug|Any CPU
		{8E90AB90-01F9-4103-9679-5140218352CD}.Debug|ARM.Deploy.0 = Debug|Any CPU
		{8E90AB90-01F9-4103-9679-5140218352CD}.Debug|iPhone.ActiveCfg = Debug|Any CPU
		{8E90AB90-01F9-4103-9679-5140218352CD}.Debug|iPhone.Build.0 = Debug|Any CPU
		{8E90AB90-01F9-4103-9679-5140218352CD}.Debug|iPhone.Deploy.0 = Debug|Any CPU
		{8E90AB90-01F9-4103-9679-5140218352CD}.Debug|iPhoneSimulator.ActiveCfg = Debug|Any CPU
		{8E90AB90-01F9-4103-9679-5140218352CD}.Debug|iPhoneSimulator.Build.0 = Debug|Any CPU
		{8E90AB90-01F9-4103-9679-5140218352CD}.Debug|iPhoneSimulator.Deploy.0 = Debug|Any CPU
		{8E90AB90-01F9-4103-9679-5140218352CD}.Debug|x64.ActiveCfg = Debug|Any CPU
		{8E90AB90-01F9-4103-9679-5140218352CD}.Debug|x64.Build.0 = Debug|Any CPU
		{8E90AB90-01F9-4103-9679-5140218352CD}.Debug|x64.Deploy.0 = Debug|Any CPU
		{8E90AB90-01F9-4103-9679-5140218352CD}.Debug|x86.ActiveCfg = Debug|Any CPU
		{8E90AB90-01F9-4103-9679-5140218352CD}.Debug|x86.Build.0 = Debug|Any CPU
		{8E90AB90-01F9-4103-9679-5140218352CD}.Debug|x86.Deploy.0 = Debug|Any CPU
		{8E90AB90-01F9-4103-9679-5140218352CD}.Release|Any CPU.ActiveCfg = Release|Any CPU
		{8E90AB90-01F9-4103-9679-5140218352CD}.Release|Any CPU.Build.0 = Release|Any CPU
		{8E90AB90-01F9-4103-9679-5140218352CD}.Release|Any CPU.Deploy.0 = Release|Any CPU
		{8E90AB90-01F9-4103-9679-5140218352CD}.Release|ARM.ActiveCfg = Release|Any CPU
		{8E90AB90-01F9-4103-9679-5140218352CD}.Release|ARM.Build.0 = Release|Any CPU
		{8E90AB90-01F9-4103-9679-5140218352CD}.Release|ARM.Deploy.0 = Release|Any CPU
		{8E90AB90-01F9-4103-9679-5140218352CD}.Release|iPhone.ActiveCfg = Release|Any CPU
		{8E90AB90-01F9-4103-9679-5140218352CD}.Release|iPhone.Build.0 = Release|Any CPU
		{8E90AB90-01F9-4103-9679-5140218352CD}.Release|iPhone.Deploy.0 = Release|Any CPU
		{8E90AB90-01F9-4103-9679-5140218352CD}.Release|iPhoneSimulator.ActiveCfg = Release|Any CPU
		{8E90AB90-01F9-4103-9679-5140218352CD}.Release|iPhoneSimulator.Build.0 = Release|Any CPU
		{8E90AB90-01F9-4103-9679-5140218352CD}.Release|iPhoneSimulator.Deploy.0 = Release|Any CPU
		{8E90AB90-01F9-4103-9679-5140218352CD}.Release|x64.ActiveCfg = Release|Any CPU
		{8E90AB90-01F9-4103-9679-5140218352CD}.Release|x64.Build.0 = Release|Any CPU
		{8E90AB90-01F9-4103-9679-5140218352CD}.Release|x64.Deploy.0 = Release|Any CPU
		{8E90AB90-01F9-4103-9679-5140218352CD}.Release|x86.ActiveCfg = Release|Any CPU
		{8E90AB90-01F9-4103-9679-5140218352CD}.Release|x86.Build.0 = Release|Any CPU
		{8E90AB90-01F9-4103-9679-5140218352CD}.Release|x86.Deploy.0 = Release|Any CPU
		{68D227FB-EE48-4889-94A3-C121ED321A71}.Ad-Hoc|Any CPU.ActiveCfg = Ad-Hoc|iPhone
		{68D227FB-EE48-4889-94A3-C121ED321A71}.Ad-Hoc|ARM.ActiveCfg = Ad-Hoc|iPhone
		{68D227FB-EE48-4889-94A3-C121ED321A71}.Ad-Hoc|iPhone.ActiveCfg = Ad-Hoc|iPhone
		{68D227FB-EE48-4889-94A3-C121ED321A71}.Ad-Hoc|iPhone.Build.0 = Ad-Hoc|iPhone
		{68D227FB-EE48-4889-94A3-C121ED321A71}.Ad-Hoc|iPhoneSimulator.ActiveCfg = Ad-Hoc|iPhoneSimulator
		{68D227FB-EE48-4889-94A3-C121ED321A71}.Ad-Hoc|iPhoneSimulator.Build.0 = Ad-Hoc|iPhoneSimulator
		{68D227FB-EE48-4889-94A3-C121ED321A71}.Ad-Hoc|x64.ActiveCfg = Ad-Hoc|iPhone
		{68D227FB-EE48-4889-94A3-C121ED321A71}.Ad-Hoc|x86.ActiveCfg = Ad-Hoc|iPhone
		{68D227FB-EE48-4889-94A3-C121ED321A71}.AppStore|Any CPU.ActiveCfg = AppStore|iPhone
		{68D227FB-EE48-4889-94A3-C121ED321A71}.AppStore|ARM.ActiveCfg = AppStore|iPhone
		{68D227FB-EE48-4889-94A3-C121ED321A71}.AppStore|iPhone.ActiveCfg = AppStore|iPhone
		{68D227FB-EE48-4889-94A3-C121ED321A71}.AppStore|iPhone.Build.0 = AppStore|iPhone
		{68D227FB-EE48-4889-94A3-C121ED321A71}.AppStore|iPhoneSimulator.ActiveCfg = AppStore|iPhoneSimulator
		{68D227FB-EE48-4889-94A3-C121ED321A71}.AppStore|iPhoneSimulator.Build.0 = AppStore|iPhoneSimulator
		{68D227FB-EE48-4889-94A3-C121ED321A71}.AppStore|x64.ActiveCfg = AppStore|iPhone
		{68D227FB-EE48-4889-94A3-C121ED321A71}.AppStore|x86.ActiveCfg = AppStore|iPhone
		{68D227FB-EE48-4889-94A3-C121ED321A71}.Debug|Any CPU.ActiveCfg = Debug|iPhone
		{68D227FB-EE48-4889-94A3-C121ED321A71}.Debug|ARM.ActiveCfg = Debug|iPhone
		{68D227FB-EE48-4889-94A3-C121ED321A71}.Debug|iPhone.ActiveCfg = Debug|iPhone
		{68D227FB-EE48-4889-94A3-C121ED321A71}.Debug|iPhone.Build.0 = Debug|iPhone
		{68D227FB-EE48-4889-94A3-C121ED321A71}.Debug|iPhoneSimulator.ActiveCfg = Debug|iPhoneSimulator
		{68D227FB-EE48-4889-94A3-C121ED321A71}.Debug|iPhoneSimulator.Build.0 = Debug|iPhoneSimulator
		{68D227FB-EE48-4889-94A3-C121ED321A71}.Debug|x64.ActiveCfg = Debug|iPhone
		{68D227FB-EE48-4889-94A3-C121ED321A71}.Debug|x86.ActiveCfg = Debug|iPhone
		{68D227FB-EE48-4889-94A3-C121ED321A71}.Release|Any CPU.ActiveCfg = Release|iPhone
		{68D227FB-EE48-4889-94A3-C121ED321A71}.Release|ARM.ActiveCfg = Release|iPhone
		{68D227FB-EE48-4889-94A3-C121ED321A71}.Release|iPhone.ActiveCfg = Release|iPhone
		{68D227FB-EE48-4889-94A3-C121ED321A71}.Release|iPhone.Build.0 = Release|iPhone
		{68D227FB-EE48-4889-94A3-C121ED321A71}.Release|iPhoneSimulator.ActiveCfg = Release|iPhoneSimulator
		{68D227FB-EE48-4889-94A3-C121ED321A71}.Release|iPhoneSimulator.Build.0 = Release|iPhoneSimulator
		{68D227FB-EE48-4889-94A3-C121ED321A71}.Release|x64.ActiveCfg = Release|iPhone
		{68D227FB-EE48-4889-94A3-C121ED321A71}.Release|x86.ActiveCfg = Release|iPhone
		{DEC49315-0DF8-4947-8419-FA931EF00A02}.Ad-Hoc|Any CPU.ActiveCfg = Release|Any CPU
		{DEC49315-0DF8-4947-8419-FA931EF00A02}.Ad-Hoc|Any CPU.Build.0 = Release|Any CPU
		{DEC49315-0DF8-4947-8419-FA931EF00A02}.Ad-Hoc|Any CPU.Deploy.0 = Release|Any CPU
		{DEC49315-0DF8-4947-8419-FA931EF00A02}.Ad-Hoc|ARM.ActiveCfg = Release|ARM
		{DEC49315-0DF8-4947-8419-FA931EF00A02}.Ad-Hoc|ARM.Build.0 = Release|ARM
		{DEC49315-0DF8-4947-8419-FA931EF00A02}.Ad-Hoc|ARM.Deploy.0 = Release|ARM
		{DEC49315-0DF8-4947-8419-FA931EF00A02}.Ad-Hoc|iPhone.ActiveCfg = Release|Any CPU
		{DEC49315-0DF8-4947-8419-FA931EF00A02}.Ad-Hoc|iPhone.Build.0 = Release|Any CPU
		{DEC49315-0DF8-4947-8419-FA931EF00A02}.Ad-Hoc|iPhone.Deploy.0 = Release|Any CPU
		{DEC49315-0DF8-4947-8419-FA931EF00A02}.Ad-Hoc|iPhoneSimulator.ActiveCfg = Release|Any CPU
		{DEC49315-0DF8-4947-8419-FA931EF00A02}.Ad-Hoc|iPhoneSimulator.Build.0 = Release|Any CPU
		{DEC49315-0DF8-4947-8419-FA931EF00A02}.Ad-Hoc|iPhoneSimulator.Deploy.0 = Release|Any CPU
		{DEC49315-0DF8-4947-8419-FA931EF00A02}.Ad-Hoc|x64.ActiveCfg = Release|Any CPU
		{DEC49315-0DF8-4947-8419-FA931EF00A02}.Ad-Hoc|x64.Build.0 = Release|Any CPU
		{DEC49315-0DF8-4947-8419-FA931EF00A02}.Ad-Hoc|x64.Deploy.0 = Release|Any CPU
		{DEC49315-0DF8-4947-8419-FA931EF00A02}.Ad-Hoc|x86.ActiveCfg = Release|x86
		{DEC49315-0DF8-4947-8419-FA931EF00A02}.Ad-Hoc|x86.Build.0 = Release|x86
		{DEC49315-0DF8-4947-8419-FA931EF00A02}.Ad-Hoc|x86.Deploy.0 = Release|x86
		{DEC49315-0DF8-4947-8419-FA931EF00A02}.AppStore|Any CPU.ActiveCfg = Release|Any CPU
		{DEC49315-0DF8-4947-8419-FA931EF00A02}.AppStore|Any CPU.Build.0 = Release|Any CPU
		{DEC49315-0DF8-4947-8419-FA931EF00A02}.AppStore|Any CPU.Deploy.0 = Release|Any CPU
		{DEC49315-0DF8-4947-8419-FA931EF00A02}.AppStore|ARM.ActiveCfg = Release|ARM
		{DEC49315-0DF8-4947-8419-FA931EF00A02}.AppStore|ARM.Build.0 = Release|ARM
		{DEC49315-0DF8-4947-8419-FA931EF00A02}.AppStore|ARM.Deploy.0 = Release|ARM
		{DEC49315-0DF8-4947-8419-FA931EF00A02}.AppStore|iPhone.ActiveCfg = Release|Any CPU
		{DEC49315-0DF8-4947-8419-FA931EF00A02}.AppStore|iPhone.Build.0 = Release|Any CPU
		{DEC49315-0DF8-4947-8419-FA931EF00A02}.AppStore|iPhone.Deploy.0 = Release|Any CPU
		{DEC49315-0DF8-4947-8419-FA931EF00A02}.AppStore|iPhoneSimulator.ActiveCfg = Release|Any CPU
		{DEC49315-0DF8-4947-8419-FA931EF00A02}.AppStore|iPhoneSimulator.Build.0 = Release|Any CPU
		{DEC49315-0DF8-4947-8419-FA931EF00A02}.AppStore|iPhoneSimulator.Deploy.0 = Release|Any CPU
		{DEC49315-0DF8-4947-8419-FA931EF00A02}.AppStore|x64.ActiveCfg = Release|Any CPU
		{DEC49315-0DF8-4947-8419-FA931EF00A02}.AppStore|x64.Build.0 = Release|Any CPU
		{DEC49315-0DF8-4947-8419-FA931EF00A02}.AppStore|x64.Deploy.0 = Release|Any CPU
		{DEC49315-0DF8-4947-8419-FA931EF00A02}.AppStore|x86.ActiveCfg = Release|x86
		{DEC49315-0DF8-4947-8419-FA931EF00A02}.AppStore|x86.Build.0 = Release|x86
		{DEC49315-0DF8-4947-8419-FA931EF00A02}.AppStore|x86.Deploy.0 = Release|x86
		{DEC49315-0DF8-4947-8419-FA931EF00A02}.Debug|Any CPU.ActiveCfg = Debug|Any CPU
		{DEC49315-0DF8-4947-8419-FA931EF00A02}.Debug|Any CPU.Build.0 = Debug|Any CPU
		{DEC49315-0DF8-4947-8419-FA931EF00A02}.Debug|Any CPU.Deploy.0 = Debug|Any CPU
		{DEC49315-0DF8-4947-8419-FA931EF00A02}.Debug|ARM.ActiveCfg = Debug|ARM
		{DEC49315-0DF8-4947-8419-FA931EF00A02}.Debug|ARM.Build.0 = Debug|ARM
		{DEC49315-0DF8-4947-8419-FA931EF00A02}.Debug|ARM.Deploy.0 = Debug|ARM
		{DEC49315-0DF8-4947-8419-FA931EF00A02}.Debug|iPhone.ActiveCfg = Debug|Any CPU
		{DEC49315-0DF8-4947-8419-FA931EF00A02}.Debug|iPhone.Build.0 = Debug|Any CPU
		{DEC49315-0DF8-4947-8419-FA931EF00A02}.Debug|iPhone.Deploy.0 = Debug|Any CPU
		{DEC49315-0DF8-4947-8419-FA931EF00A02}.Debug|iPhoneSimulator.ActiveCfg = Debug|Any CPU
		{DEC49315-0DF8-4947-8419-FA931EF00A02}.Debug|iPhoneSimulator.Build.0 = Debug|Any CPU
		{DEC49315-0DF8-4947-8419-FA931EF00A02}.Debug|iPhoneSimulator.Deploy.0 = Debug|Any CPU
		{DEC49315-0DF8-4947-8419-FA931EF00A02}.Debug|x64.ActiveCfg = Debug|Any CPU
		{DEC49315-0DF8-4947-8419-FA931EF00A02}.Debug|x64.Build.0 = Debug|Any CPU
		{DEC49315-0DF8-4947-8419-FA931EF00A02}.Debug|x64.Deploy.0 = Debug|Any CPU
		{DEC49315-0DF8-4947-8419-FA931EF00A02}.Debug|x86.ActiveCfg = Debug|x86
		{DEC49315-0DF8-4947-8419-FA931EF00A02}.Debug|x86.Build.0 = Debug|x86
		{DEC49315-0DF8-4947-8419-FA931EF00A02}.Debug|x86.Deploy.0 = Debug|x86
		{DEC49315-0DF8-4947-8419-FA931EF00A02}.Release|Any CPU.ActiveCfg = Release|Any CPU
		{DEC49315-0DF8-4947-8419-FA931EF00A02}.Release|Any CPU.Build.0 = Release|Any CPU
		{DEC49315-0DF8-4947-8419-FA931EF00A02}.Release|Any CPU.Deploy.0 = Release|Any CPU
		{DEC49315-0DF8-4947-8419-FA931EF00A02}.Release|ARM.ActiveCfg = Release|ARM
		{DEC49315-0DF8-4947-8419-FA931EF00A02}.Release|ARM.Build.0 = Release|ARM
		{DEC49315-0DF8-4947-8419-FA931EF00A02}.Release|ARM.Deploy.0 = Release|ARM
		{DEC49315-0DF8-4947-8419-FA931EF00A02}.Release|iPhone.ActiveCfg = Release|Any CPU
		{DEC49315-0DF8-4947-8419-FA931EF00A02}.Release|iPhone.Build.0 = Release|Any CPU
		{DEC49315-0DF8-4947-8419-FA931EF00A02}.Release|iPhone.Deploy.0 = Release|Any CPU
		{DEC49315-0DF8-4947-8419-FA931EF00A02}.Release|iPhoneSimulator.ActiveCfg = Release|Any CPU
		{DEC49315-0DF8-4947-8419-FA931EF00A02}.Release|iPhoneSimulator.Build.0 = Release|Any CPU
		{DEC49315-0DF8-4947-8419-FA931EF00A02}.Release|iPhoneSimulator.Deploy.0 = Release|Any CPU
		{DEC49315-0DF8-4947-8419-FA931EF00A02}.Release|x64.ActiveCfg = Release|Any CPU
		{DEC49315-0DF8-4947-8419-FA931EF00A02}.Release|x64.Build.0 = Release|Any CPU
		{DEC49315-0DF8-4947-8419-FA931EF00A02}.Release|x64.Deploy.0 = Release|Any CPU
		{DEC49315-0DF8-4947-8419-FA931EF00A02}.Release|x86.ActiveCfg = Release|x86
		{DEC49315-0DF8-4947-8419-FA931EF00A02}.Release|x86.Build.0 = Release|x86
		{DEC49315-0DF8-4947-8419-FA931EF00A02}.Release|x86.Deploy.0 = Release|x86
		{85598059-5CE0-45D7-8DFF-35D653350259}.Ad-Hoc|Any CPU.ActiveCfg = Release|x86
		{85598059-5CE0-45D7-8DFF-35D653350259}.Ad-Hoc|Any CPU.Build.0 = Release|x86
		{85598059-5CE0-45D7-8DFF-35D653350259}.Ad-Hoc|Any CPU.Deploy.0 = Release|x86
		{85598059-5CE0-45D7-8DFF-35D653350259}.Ad-Hoc|ARM.ActiveCfg = Release|ARM
		{85598059-5CE0-45D7-8DFF-35D653350259}.Ad-Hoc|ARM.Build.0 = Release|ARM
		{85598059-5CE0-45D7-8DFF-35D653350259}.Ad-Hoc|ARM.Deploy.0 = Release|ARM
		{85598059-5CE0-45D7-8DFF-35D653350259}.Ad-Hoc|iPhone.ActiveCfg = Release|x86
		{85598059-5CE0-45D7-8DFF-35D653350259}.Ad-Hoc|iPhone.Build.0 = Release|x86
		{85598059-5CE0-45D7-8DFF-35D653350259}.Ad-Hoc|iPhone.Deploy.0 = Release|x86
		{85598059-5CE0-45D7-8DFF-35D653350259}.Ad-Hoc|iPhoneSimulator.ActiveCfg = Release|x86
		{85598059-5CE0-45D7-8DFF-35D653350259}.Ad-Hoc|iPhoneSimulator.Build.0 = Release|x86
		{85598059-5CE0-45D7-8DFF-35D653350259}.Ad-Hoc|iPhoneSimulator.Deploy.0 = Release|x86
		{85598059-5CE0-45D7-8DFF-35D653350259}.Ad-Hoc|x64.ActiveCfg = Release|x64
		{85598059-5CE0-45D7-8DFF-35D653350259}.Ad-Hoc|x64.Build.0 = Release|x64
		{85598059-5CE0-45D7-8DFF-35D653350259}.Ad-Hoc|x64.Deploy.0 = Release|x64
		{85598059-5CE0-45D7-8DFF-35D653350259}.Ad-Hoc|x86.ActiveCfg = Release|x86
		{85598059-5CE0-45D7-8DFF-35D653350259}.Ad-Hoc|x86.Build.0 = Release|x86
		{85598059-5CE0-45D7-8DFF-35D653350259}.Ad-Hoc|x86.Deploy.0 = Release|x86
		{85598059-5CE0-45D7-8DFF-35D653350259}.AppStore|Any CPU.ActiveCfg = Release|x86
		{85598059-5CE0-45D7-8DFF-35D653350259}.AppStore|Any CPU.Build.0 = Release|x86
		{85598059-5CE0-45D7-8DFF-35D653350259}.AppStore|Any CPU.Deploy.0 = Release|x86
		{85598059-5CE0-45D7-8DFF-35D653350259}.AppStore|ARM.ActiveCfg = Release|ARM
		{85598059-5CE0-45D7-8DFF-35D653350259}.AppStore|ARM.Build.0 = Release|ARM
		{85598059-5CE0-45D7-8DFF-35D653350259}.AppStore|ARM.Deploy.0 = Release|ARM
		{85598059-5CE0-45D7-8DFF-35D653350259}.AppStore|iPhone.ActiveCfg = Release|x86
		{85598059-5CE0-45D7-8DFF-35D653350259}.AppStore|iPhone.Build.0 = Release|x86
		{85598059-5CE0-45D7-8DFF-35D653350259}.AppStore|iPhone.Deploy.0 = Release|x86
		{85598059-5CE0-45D7-8DFF-35D653350259}.AppStore|iPhoneSimulator.ActiveCfg = Release|x86
		{85598059-5CE0-45D7-8DFF-35D653350259}.AppStore|iPhoneSimulator.Build.0 = Release|x86
		{85598059-5CE0-45D7-8DFF-35D653350259}.AppStore|iPhoneSimulator.Deploy.0 = Release|x86
		{85598059-5CE0-45D7-8DFF-35D653350259}.AppStore|x64.ActiveCfg = Release|x64
		{85598059-5CE0-45D7-8DFF-35D653350259}.AppStore|x64.Build.0 = Release|x64
		{85598059-5CE0-45D7-8DFF-35D653350259}.AppStore|x64.Deploy.0 = Release|x64
		{85598059-5CE0-45D7-8DFF-35D653350259}.AppStore|x86.ActiveCfg = Release|x86
		{85598059-5CE0-45D7-8DFF-35D653350259}.AppStore|x86.Build.0 = Release|x86
		{85598059-5CE0-45D7-8DFF-35D653350259}.AppStore|x86.Deploy.0 = Release|x86
		{85598059-5CE0-45D7-8DFF-35D653350259}.Debug|Any CPU.ActiveCfg = Debug|x86
		{85598059-5CE0-45D7-8DFF-35D653350259}.Debug|ARM.ActiveCfg = Debug|ARM
		{85598059-5CE0-45D7-8DFF-35D653350259}.Debug|ARM.Build.0 = Debug|ARM
		{85598059-5CE0-45D7-8DFF-35D653350259}.Debug|ARM.Deploy.0 = Debug|ARM
		{85598059-5CE0-45D7-8DFF-35D653350259}.Debug|iPhone.ActiveCfg = Debug|x86
		{85598059-5CE0-45D7-8DFF-35D653350259}.Debug|iPhoneSimulator.ActiveCfg = Debug|x86
		{85598059-5CE0-45D7-8DFF-35D653350259}.Debug|x64.ActiveCfg = Debug|x64
		{85598059-5CE0-45D7-8DFF-35D653350259}.Debug|x64.Build.0 = Debug|x64
		{85598059-5CE0-45D7-8DFF-35D653350259}.Debug|x64.Deploy.0 = Debug|x64
		{85598059-5CE0-45D7-8DFF-35D653350259}.Debug|x86.ActiveCfg = Debug|x86
		{85598059-5CE0-45D7-8DFF-35D653350259}.Debug|x86.Build.0 = Debug|x86
		{85598059-5CE0-45D7-8DFF-35D653350259}.Debug|x86.Deploy.0 = Debug|x86
		{85598059-5CE0-45D7-8DFF-35D653350259}.Release|Any CPU.ActiveCfg = Release|x86
		{85598059-5CE0-45D7-8DFF-35D653350259}.Release|ARM.ActiveCfg = Release|ARM
		{85598059-5CE0-45D7-8DFF-35D653350259}.Release|ARM.Build.0 = Release|ARM
		{85598059-5CE0-45D7-8DFF-35D653350259}.Release|ARM.Deploy.0 = Release|ARM
		{85598059-5CE0-45D7-8DFF-35D653350259}.Release|iPhone.ActiveCfg = Release|x86
		{85598059-5CE0-45D7-8DFF-35D653350259}.Release|iPhoneSimulator.ActiveCfg = Release|x86
		{85598059-5CE0-45D7-8DFF-35D653350259}.Release|x64.ActiveCfg = Release|x64
		{85598059-5CE0-45D7-8DFF-35D653350259}.Release|x64.Build.0 = Release|x64
		{85598059-5CE0-45D7-8DFF-35D653350259}.Release|x64.Deploy.0 = Release|x64
		{85598059-5CE0-45D7-8DFF-35D653350259}.Release|x86.ActiveCfg = Release|x86
		{85598059-5CE0-45D7-8DFF-35D653350259}.Release|x86.Build.0 = Release|x86
		{85598059-5CE0-45D7-8DFF-35D653350259}.Release|x86.Deploy.0 = Release|x86
		{DED6FA99-A119-4CA4-B352-0DEE71A6CEA3}.Ad-Hoc|Any CPU.ActiveCfg = Release|Any CPU
		{DED6FA99-A119-4CA4-B352-0DEE71A6CEA3}.Ad-Hoc|Any CPU.Build.0 = Release|Any CPU
		{DED6FA99-A119-4CA4-B352-0DEE71A6CEA3}.Ad-Hoc|Any CPU.Deploy.0 = Release|Any CPU
		{DED6FA99-A119-4CA4-B352-0DEE71A6CEA3}.Ad-Hoc|ARM.ActiveCfg = Release|ARM
		{DED6FA99-A119-4CA4-B352-0DEE71A6CEA3}.Ad-Hoc|ARM.Build.0 = Release|ARM
		{DED6FA99-A119-4CA4-B352-0DEE71A6CEA3}.Ad-Hoc|ARM.Deploy.0 = Release|ARM
		{DED6FA99-A119-4CA4-B352-0DEE71A6CEA3}.Ad-Hoc|iPhone.ActiveCfg = Release|Any CPU
		{DED6FA99-A119-4CA4-B352-0DEE71A6CEA3}.Ad-Hoc|iPhone.Build.0 = Release|Any CPU
		{DED6FA99-A119-4CA4-B352-0DEE71A6CEA3}.Ad-Hoc|iPhone.Deploy.0 = Release|Any CPU
		{DED6FA99-A119-4CA4-B352-0DEE71A6CEA3}.Ad-Hoc|iPhoneSimulator.ActiveCfg = Release|Any CPU
		{DED6FA99-A119-4CA4-B352-0DEE71A6CEA3}.Ad-Hoc|iPhoneSimulator.Build.0 = Release|Any CPU
		{DED6FA99-A119-4CA4-B352-0DEE71A6CEA3}.Ad-Hoc|iPhoneSimulator.Deploy.0 = Release|Any CPU
		{DED6FA99-A119-4CA4-B352-0DEE71A6CEA3}.Ad-Hoc|x64.ActiveCfg = Release|x64
		{DED6FA99-A119-4CA4-B352-0DEE71A6CEA3}.Ad-Hoc|x64.Build.0 = Release|x64
		{DED6FA99-A119-4CA4-B352-0DEE71A6CEA3}.Ad-Hoc|x64.Deploy.0 = Release|x64
		{DED6FA99-A119-4CA4-B352-0DEE71A6CEA3}.Ad-Hoc|x86.ActiveCfg = Release|x86
		{DED6FA99-A119-4CA4-B352-0DEE71A6CEA3}.Ad-Hoc|x86.Build.0 = Release|x86
		{DED6FA99-A119-4CA4-B352-0DEE71A6CEA3}.Ad-Hoc|x86.Deploy.0 = Release|x86
		{DED6FA99-A119-4CA4-B352-0DEE71A6CEA3}.AppStore|Any CPU.ActiveCfg = Release|Any CPU
		{DED6FA99-A119-4CA4-B352-0DEE71A6CEA3}.AppStore|Any CPU.Build.0 = Release|Any CPU
		{DED6FA99-A119-4CA4-B352-0DEE71A6CEA3}.AppStore|Any CPU.Deploy.0 = Release|Any CPU
		{DED6FA99-A119-4CA4-B352-0DEE71A6CEA3}.AppStore|ARM.ActiveCfg = Release|ARM
		{DED6FA99-A119-4CA4-B352-0DEE71A6CEA3}.AppStore|ARM.Build.0 = Release|ARM
		{DED6FA99-A119-4CA4-B352-0DEE71A6CEA3}.AppStore|ARM.Deploy.0 = Release|ARM
		{DED6FA99-A119-4CA4-B352-0DEE71A6CEA3}.AppStore|iPhone.ActiveCfg = Release|Any CPU
		{DED6FA99-A119-4CA4-B352-0DEE71A6CEA3}.AppStore|iPhone.Build.0 = Release|Any CPU
		{DED6FA99-A119-4CA4-B352-0DEE71A6CEA3}.AppStore|iPhone.Deploy.0 = Release|Any CPU
		{DED6FA99-A119-4CA4-B352-0DEE71A6CEA3}.AppStore|iPhoneSimulator.ActiveCfg = Release|Any CPU
		{DED6FA99-A119-4CA4-B352-0DEE71A6CEA3}.AppStore|iPhoneSimulator.Build.0 = Release|Any CPU
		{DED6FA99-A119-4CA4-B352-0DEE71A6CEA3}.AppStore|iPhoneSimulator.Deploy.0 = Release|Any CPU
		{DED6FA99-A119-4CA4-B352-0DEE71A6CEA3}.AppStore|x64.ActiveCfg = Release|x64
		{DED6FA99-A119-4CA4-B352-0DEE71A6CEA3}.AppStore|x64.Build.0 = Release|x64
		{DED6FA99-A119-4CA4-B352-0DEE71A6CEA3}.AppStore|x64.Deploy.0 = Release|x64
		{DED6FA99-A119-4CA4-B352-0DEE71A6CEA3}.AppStore|x86.ActiveCfg = Release|x86
		{DED6FA99-A119-4CA4-B352-0DEE71A6CEA3}.AppStore|x86.Build.0 = Release|x86
		{DED6FA99-A119-4CA4-B352-0DEE71A6CEA3}.AppStore|x86.Deploy.0 = Release|x86
		{DED6FA99-A119-4CA4-B352-0DEE71A6CEA3}.Debug|Any CPU.ActiveCfg = Debug|Any CPU
		{DED6FA99-A119-4CA4-B352-0DEE71A6CEA3}.Debug|Any CPU.Build.0 = Debug|Any CPU
		{DED6FA99-A119-4CA4-B352-0DEE71A6CEA3}.Debug|Any CPU.Deploy.0 = Debug|Any CPU
		{DED6FA99-A119-4CA4-B352-0DEE71A6CEA3}.Debug|ARM.ActiveCfg = Debug|ARM
		{DED6FA99-A119-4CA4-B352-0DEE71A6CEA3}.Debug|ARM.Build.0 = Debug|ARM
		{DED6FA99-A119-4CA4-B352-0DEE71A6CEA3}.Debug|ARM.Deploy.0 = Debug|ARM
		{DED6FA99-A119-4CA4-B352-0DEE71A6CEA3}.Debug|iPhone.ActiveCfg = Debug|Any CPU
		{DED6FA99-A119-4CA4-B352-0DEE71A6CEA3}.Debug|iPhone.Build.0 = Debug|Any CPU
		{DED6FA99-A119-4CA4-B352-0DEE71A6CEA3}.Debug|iPhone.Deploy.0 = Debug|Any CPU
		{DED6FA99-A119-4CA4-B352-0DEE71A6CEA3}.Debug|iPhoneSimulator.ActiveCfg = Debug|Any CPU
		{DED6FA99-A119-4CA4-B352-0DEE71A6CEA3}.Debug|iPhoneSimulator.Build.0 = Debug|Any CPU
		{DED6FA99-A119-4CA4-B352-0DEE71A6CEA3}.Debug|iPhoneSimulator.Deploy.0 = Debug|Any CPU
		{DED6FA99-A119-4CA4-B352-0DEE71A6CEA3}.Debug|x64.ActiveCfg = Debug|x64
		{DED6FA99-A119-4CA4-B352-0DEE71A6CEA3}.Debug|x64.Build.0 = Debug|x64
		{DED6FA99-A119-4CA4-B352-0DEE71A6CEA3}.Debug|x64.Deploy.0 = Debug|x64
		{DED6FA99-A119-4CA4-B352-0DEE71A6CEA3}.Debug|x86.ActiveCfg = Debug|x86
		{DED6FA99-A119-4CA4-B352-0DEE71A6CEA3}.Debug|x86.Build.0 = Debug|x86
		{DED6FA99-A119-4CA4-B352-0DEE71A6CEA3}.Debug|x86.Deploy.0 = Debug|x86
		{DED6FA99-A119-4CA4-B352-0DEE71A6CEA3}.Release|Any CPU.ActiveCfg = Release|Any CPU
		{DED6FA99-A119-4CA4-B352-0DEE71A6CEA3}.Release|Any CPU.Build.0 = Release|Any CPU
		{DED6FA99-A119-4CA4-B352-0DEE71A6CEA3}.Release|Any CPU.Deploy.0 = Release|Any CPU
		{DED6FA99-A119-4CA4-B352-0DEE71A6CEA3}.Release|ARM.ActiveCfg = Release|ARM
		{DED6FA99-A119-4CA4-B352-0DEE71A6CEA3}.Release|ARM.Build.0 = Release|ARM
		{DED6FA99-A119-4CA4-B352-0DEE71A6CEA3}.Release|ARM.Deploy.0 = Release|ARM
		{DED6FA99-A119-4CA4-B352-0DEE71A6CEA3}.Release|iPhone.ActiveCfg = Release|Any CPU
		{DED6FA99-A119-4CA4-B352-0DEE71A6CEA3}.Release|iPhone.Build.0 = Release|Any CPU
		{DED6FA99-A119-4CA4-B352-0DEE71A6CEA3}.Release|iPhone.Deploy.0 = Release|Any CPU
		{DED6FA99-A119-4CA4-B352-0DEE71A6CEA3}.Release|iPhoneSimulator.ActiveCfg = Release|Any CPU
		{DED6FA99-A119-4CA4-B352-0DEE71A6CEA3}.Release|iPhoneSimulator.Build.0 = Release|Any CPU
		{DED6FA99-A119-4CA4-B352-0DEE71A6CEA3}.Release|iPhoneSimulator.Deploy.0 = Release|Any CPU
		{DED6FA99-A119-4CA4-B352-0DEE71A6CEA3}.Release|x64.ActiveCfg = Release|x64
		{DED6FA99-A119-4CA4-B352-0DEE71A6CEA3}.Release|x64.Build.0 = Release|x64
		{DED6FA99-A119-4CA4-B352-0DEE71A6CEA3}.Release|x64.Deploy.0 = Release|x64
		{DED6FA99-A119-4CA4-B352-0DEE71A6CEA3}.Release|x86.ActiveCfg = Release|x86
		{DED6FA99-A119-4CA4-B352-0DEE71A6CEA3}.Release|x86.Build.0 = Release|x86
		{DED6FA99-A119-4CA4-B352-0DEE71A6CEA3}.Release|x86.Deploy.0 = Release|x86
		{65D476C8-F1A3-44F9-B568-BD3EFF9CAB88}.Ad-Hoc|Any CPU.ActiveCfg = Release|Any CPU
		{65D476C8-F1A3-44F9-B568-BD3EFF9CAB88}.Ad-Hoc|Any CPU.Build.0 = Release|Any CPU
		{65D476C8-F1A3-44F9-B568-BD3EFF9CAB88}.Ad-Hoc|ARM.ActiveCfg = Release|Any CPU
		{65D476C8-F1A3-44F9-B568-BD3EFF9CAB88}.Ad-Hoc|ARM.Build.0 = Release|Any CPU
		{65D476C8-F1A3-44F9-B568-BD3EFF9CAB88}.Ad-Hoc|iPhone.ActiveCfg = Release|Any CPU
		{65D476C8-F1A3-44F9-B568-BD3EFF9CAB88}.Ad-Hoc|iPhone.Build.0 = Release|Any CPU
		{65D476C8-F1A3-44F9-B568-BD3EFF9CAB88}.Ad-Hoc|iPhoneSimulator.ActiveCfg = Release|Any CPU
		{65D476C8-F1A3-44F9-B568-BD3EFF9CAB88}.Ad-Hoc|iPhoneSimulator.Build.0 = Release|Any CPU
		{65D476C8-F1A3-44F9-B568-BD3EFF9CAB88}.Ad-Hoc|x64.ActiveCfg = Release|Any CPU
		{65D476C8-F1A3-44F9-B568-BD3EFF9CAB88}.Ad-Hoc|x64.Build.0 = Release|Any CPU
		{65D476C8-F1A3-44F9-B568-BD3EFF9CAB88}.Ad-Hoc|x86.ActiveCfg = Release|Any CPU
		{65D476C8-F1A3-44F9-B568-BD3EFF9CAB88}.Ad-Hoc|x86.Build.0 = Release|Any CPU
		{65D476C8-F1A3-44F9-B568-BD3EFF9CAB88}.AppStore|Any CPU.ActiveCfg = Release|Any CPU
		{65D476C8-F1A3-44F9-B568-BD3EFF9CAB88}.AppStore|Any CPU.Build.0 = Release|Any CPU
		{65D476C8-F1A3-44F9-B568-BD3EFF9CAB88}.AppStore|ARM.ActiveCfg = Release|Any CPU
		{65D476C8-F1A3-44F9-B568-BD3EFF9CAB88}.AppStore|ARM.Build.0 = Release|Any CPU
		{65D476C8-F1A3-44F9-B568-BD3EFF9CAB88}.AppStore|iPhone.ActiveCfg = Release|Any CPU
		{65D476C8-F1A3-44F9-B568-BD3EFF9CAB88}.AppStore|iPhone.Build.0 = Release|Any CPU
		{65D476C8-F1A3-44F9-B568-BD3EFF9CAB88}.AppStore|iPhoneSimulator.ActiveCfg = Release|Any CPU
		{65D476C8-F1A3-44F9-B568-BD3EFF9CAB88}.AppStore|iPhoneSimulator.Build.0 = Release|Any CPU
		{65D476C8-F1A3-44F9-B568-BD3EFF9CAB88}.AppStore|x64.ActiveCfg = Release|Any CPU
		{65D476C8-F1A3-44F9-B568-BD3EFF9CAB88}.AppStore|x64.Build.0 = Release|Any CPU
		{65D476C8-F1A3-44F9-B568-BD3EFF9CAB88}.AppStore|x86.ActiveCfg = Release|Any CPU
		{65D476C8-F1A3-44F9-B568-BD3EFF9CAB88}.AppStore|x86.Build.0 = Release|Any CPU
		{65D476C8-F1A3-44F9-B568-BD3EFF9CAB88}.Debug|Any CPU.ActiveCfg = Debug|Any CPU
		{65D476C8-F1A3-44F9-B568-BD3EFF9CAB88}.Debug|Any CPU.Build.0 = Debug|Any CPU
		{65D476C8-F1A3-44F9-B568-BD3EFF9CAB88}.Debug|ARM.ActiveCfg = Debug|Any CPU
		{65D476C8-F1A3-44F9-B568-BD3EFF9CAB88}.Debug|ARM.Build.0 = Debug|Any CPU
		{65D476C8-F1A3-44F9-B568-BD3EFF9CAB88}.Debug|iPhone.ActiveCfg = Debug|Any CPU
		{65D476C8-F1A3-44F9-B568-BD3EFF9CAB88}.Debug|iPhone.Build.0 = Debug|Any CPU
		{65D476C8-F1A3-44F9-B568-BD3EFF9CAB88}.Debug|iPhoneSimulator.ActiveCfg = Debug|Any CPU
		{65D476C8-F1A3-44F9-B568-BD3EFF9CAB88}.Debug|iPhoneSimulator.Build.0 = Debug|Any CPU
		{65D476C8-F1A3-44F9-B568-BD3EFF9CAB88}.Debug|x64.ActiveCfg = Debug|Any CPU
		{65D476C8-F1A3-44F9-B568-BD3EFF9CAB88}.Debug|x64.Build.0 = Debug|Any CPU
		{65D476C8-F1A3-44F9-B568-BD3EFF9CAB88}.Debug|x86.ActiveCfg = Debug|Any CPU
		{65D476C8-F1A3-44F9-B568-BD3EFF9CAB88}.Debug|x86.Build.0 = Debug|Any CPU
		{65D476C8-F1A3-44F9-B568-BD3EFF9CAB88}.Release|Any CPU.ActiveCfg = Release|Any CPU
		{65D476C8-F1A3-44F9-B568-BD3EFF9CAB88}.Release|Any CPU.Build.0 = Release|Any CPU
		{65D476C8-F1A3-44F9-B568-BD3EFF9CAB88}.Release|ARM.ActiveCfg = Release|Any CPU
		{65D476C8-F1A3-44F9-B568-BD3EFF9CAB88}.Release|ARM.Build.0 = Release|Any CPU
		{65D476C8-F1A3-44F9-B568-BD3EFF9CAB88}.Release|iPhone.ActiveCfg = Release|Any CPU
		{65D476C8-F1A3-44F9-B568-BD3EFF9CAB88}.Release|iPhone.Build.0 = Release|Any CPU
		{65D476C8-F1A3-44F9-B568-BD3EFF9CAB88}.Release|iPhoneSimulator.ActiveCfg = Release|Any CPU
		{65D476C8-F1A3-44F9-B568-BD3EFF9CAB88}.Release|iPhoneSimulator.Build.0 = Release|Any CPU
		{65D476C8-F1A3-44F9-B568-BD3EFF9CAB88}.Release|x64.ActiveCfg = Release|Any CPU
		{65D476C8-F1A3-44F9-B568-BD3EFF9CAB88}.Release|x64.Build.0 = Release|Any CPU
		{65D476C8-F1A3-44F9-B568-BD3EFF9CAB88}.Release|x86.ActiveCfg = Release|Any CPU
		{65D476C8-F1A3-44F9-B568-BD3EFF9CAB88}.Release|x86.Build.0 = Release|Any CPU
	EndGlobalSection
	GlobalSection(SolutionProperties) = preSolution
		HideSolutionNode = FALSE
	EndGlobalSection
EndGlobal
